# THIS IS AN AUTOGENERATED FILE. DO NOT EDIT THIS FILE DIRECTLY.
# yarn lockfile v1


"@popperjs/core@^2.11.8":
  version "2.11.8"
  resolved "https://registry.yarnpkg.com/@popperjs/core/-/core-2.11.8.tgz#6b79032e760a0899cd4204710beede972a3a185f"
  integrity sha512-P1st0aksCrn9sGZhp8GMYwBnQsbvAWsZAX44oXNNvLHGqAOcoVxmjZiohstwQ7SqKnbR47akdNi+uleWD8+g6A==

"@rails/actiontext@^8.1.300":
  version "8.1.300"
  resolved "https://registry.yarnpkg.com/@rails/actiontext/-/actiontext-8.1.300.tgz#0b6d0a40e8ca8ba2caf5a0077e10b5503183a044"
  integrity sha512-KPbLfZTt6aFKbdeTlU7ZzmX0uSSNhhfZx3G+2lfa6HltQ/r23HDcJnJOEVt72WKJo13IS5C5HK0sYwplVMCdNw==
  dependencies:
    "@rails/activestorage" ">= 8.1.0-alpha"

"@rails/activestorage@>= 8.1.0-alpha":
  version "8.1.300"
  resolved "https://registry.yarnpkg.com/@rails/activestorage/-/activestorage-8.1.300.tgz#624a6f291e0414c07c3d02ed3d1e6ee85c94277b"
  integrity sha512-AOv3zZrTJjQlzm4L9uzOQtCz6zaM4IqUyux6yzSqmS+PZ8EzwD1F2JAc4LlJNJAv4MSyNYriG+CaCm1QbQTjsA==
  dependencies:
    spark-md5 "^3.0.1"

"@types/trusted-types@^2.0.7":
  version "2.0.7"
  resolved "https://registry.yarnpkg.com/@types/trusted-types/-/trusted-types-2.0.7.tgz#baccb07a970b91707df3a3e8ba6896c57ead2d11"
  integrity sha512-ScaPdn1dQczgbl0QFTeTOmVHFULt394XJgOQNoyVhZ6r2vLnMLJfBPd53SB52T/3G36VI1/g2MZaX0cwDuXsfw==

animejs@^4.3.6:
  version "4.3.6"
  resolved "https://registry.yarnpkg.com/animejs/-/animejs-4.3.6.tgz#2399da111ec6a5494aca1cd4aa31135796e93e13"
  integrity sha512-rzZ4bDc8JAtyx6hYwxj7s5M/yWfnM5qqY4hZDnhy1cWFvMb6H5/necHS2sbCY3WQTDbRLuZL10dPXSxSCFOr/w==

bootstrap@^5.3.8:
  version "5.3.8"
  resolved "https://registry.yarnpkg.com/bootstrap/-/bootstrap-5.3.8.tgz#6401a10057a22752d21f4e19055508980656aeed"
  integrity sha512-HP1SZDqaLDPwsNiqRqi5NcP0SSXciX2s9E+RyqJIIqGo+vJeN5AJVM98CXmW/Wux0nQ5L7jeWUdplCEf0Ee+tg==

dompurify@^3.2.5:
  version "3.4.7"
  resolved "https://registry.yarnpkg.com/dompurify/-/dompurify-3.4.7.tgz#e2702ea4fd5d83467f1baef62309466ce7d44a82"
  integrity sha512-2jBxDJY4RR06tQNy4w5FlFH7kfxsQZlufd0sbv+chfHCxeJwrFw2baUDsSwvBISD4K4RDbd0PTfy3uNXsR6siA==
  optionalDependencies:
    "@types/trusted-types" "^2.0.7"

spark-md5@^3.0.1:
  version "3.0.2"
  resolved "https://registry.yarnpkg.com/spark-md5/-/spark-md5-3.0.2.tgz#7952c4a30784347abcee73268e473b9c0167e3fc"
  integrity sha512-wcFzz9cDfbuqe0FZzfi2or1sgyIrsDwmPwfZC4hiNidPdPINjeUwNfv5kldczoEAcjl9Y1L3SM7Uz2PUEQzxQw==

trix@^2.1.19:
  version "2.1.19"
  resolved "https://registry.yarnpkg.com/trix/-/trix-2.1.19.tgz#1eb5dfd44a41e6179df5b0c17fdea13d10ae805d"
  integrity sha512-E7RA3EOeUiUwNJlrF5onIOkqCA06xUU6GmHOVxXyMnGMValrDK3Ce7uaMVgiVUOvVt4mzUERAHAzD10mxoLpOg==
  dependencies:
    dompurify "^3.2.5"
